
Microsoft Visual Studio Solution File, Format Version 12.00
# Visual Studio Version 16
VisualStudioVersion = 16.0.29728.190
MinimumVisualStudioVersion = 10.0.40219.1
Project("{FAE04EC0-301F-11D3-BF4B-00C04F79EFBC}") = "CarRentalWentBad", "CarRentalWentBad\CarRentalWentBad.csproj", "{34F2DEC0-1DF8-4C92-8995-7AD5F184E394}"
EndProject
Global
	GlobalSection(SolutionConfigurationPlatforms) = preSolution
		Debug|Any CPU = Debug|Any CPU
		Release|Any CPU = Release|Any CPU
	EndGlobalSection
	GlobalSection(ProjectConfigurationPlatforms) = postSolution
		{34F2DEC0-1DF8-4C92-8995-7AD5F184E394}.Debug|Any CPU.ActiveCfg = Debug|Any CPU
		{34F2DEC0-1DF8-4C92-8995-7AD5F184E394}.Debug|Any CPU.Build.0 = Debug|Any CPU
		{34F2DEC0-1DF8-4C92-8995-7AD5F184E394}.Release|Any CPU.ActiveCfg = Release|Any CPU
		{34F2DEC0-1DF8-4C92-8995-7AD5F184E394}.Release|Any CPU.Build.0 = Release|Any CPU
	EndGlobalSection
	GlobalSection(SolutionProperties) = preSolution
		HideSolutionNode = FALSE
	EndGlobalSection
	GlobalSection(ExtensibilityGlobals) = postSolution
		SolutionGuid = {66E0788E-36D1-4BB2-83C6-8C53BA83CDD5}
	EndGlobalSection
EndGlobal
